// !$*UTF8*$!
{
	archiveVersion = 1;
	classes = {
	};
	objectVersion = 50;
	objects = {

/* Begin PBXBuildFile section */
		6DDA771FF5BC2381C945EE52 /* Pods_CalendarScreen.framework in Frameworks */ = {isa = PBXBuildFile; fileRef = B8D908BB68FEFAAD1ECD624C /* Pods_CalendarScreen.framework */; };
		914E46D925584B5C00DE248D /* AppDelegate.swift in Sources */ = {isa = PBXBuildFile; fileRef = 914E46D825584B5C00DE248D /* AppDelegate.swift */; };
		914E46DB25584B5C00DE248D /* SceneDelegate.swift in Sources */ = {isa = PBXBuildFile; fileRef = 914E46DA25584B5C00DE248D /* SceneDelegate.swift */; };
		914E46DD25584B5C00DE248D /* ViewController.swift in Sources */ = {isa = PBXBuildFile; fileRef = 914E46DC25584B5C00DE248D /* ViewController.swift */; };
		914E46E025584B5C00DE248D /* Main.storyboard in Resources */ = {isa = PBXBuildFile; fileRef = 914E46DE25584B5C00DE248D /* Main.storyboard */; };
		914E46E225584B6000DE248D /* Assets.xcassets in Resources */ = {isa = PBXBuildFile; fileRef = 914E46E125584B6000DE248D /* Assets.xcassets */; };
		914E46E525584B6000DE248D /* LaunchScreen.storyboard in Resources */ = {isa = PBXBuildFile; fileRef = 914E46E325584B6000DE248D /* LaunchScreen.storyboard */; };
/* End PBXBuildFile section */

/* Begin PBXFileReference section */
		067753D38D7F8A5FC7F69F24 /* Pods-CalendarScreen.release.xcconfig */ = {isa = PBXFileReference; includeInIndex = 1; lastKnownFileType = text.xcconfig; name = "Pods-CalendarScreen.release.xcconfig"; path = "Target Support Files/Pods-CalendarScreen/Pods-CalendarScreen.release.xcconfig"; sourceTree = "<group>"; };
		914E46D525584B5C00DE248D /* CalendarScreen.app */ = {isa = PBXFileReference; explicitFileType = wrapper.application; includeInIndex = 0; path = CalendarScreen.app; sourceTree = BUILT_PRODUCTS_DIR; };
		914E46D825584B5C00DE248D /* AppDelegate.swift */ = {isa = PBXFileReference; lastKnownFileType = sourcecode.swift; path = AppDelegate.swift; sourceTree = "<group>"; };
		914E46DA25584B5C00DE248D /* SceneDelegate.swift */ = {isa = PBXFileReference; lastKnownFileType = sourcecode.swift; path = SceneDelegate.swift; sourceTree = "<group>"; };
		914E46DC25584B5C00DE248D /* ViewController.swift */ = {isa = PBXFileReference; lastKnownFileType = sourcecode.swift; path = ViewController.swift; sourceTree = "<group>"; };
		914E46DF25584B5C00DE248D /* Base */ = {isa = PBXFileReference; lastKnownFileType = file.storyboard; name = Base; path = Base.lproj/Main.storyboard; sourceTree = "<group>"; };
		914E46E125584B6000DE248D /* Assets.xcassets */ = {isa = PBXFileReference; lastKnownFileType = folder.assetcatalog; path = Assets.xcassets; sourceTree = "<group>"; };
		914E46E425584B6000DE248D /* Base */ = {isa = PBXFileReference; lastKnownFileType = file.storyboard; name = Base; path = Base.lproj/LaunchScreen.storyboard; sourceTree = "<group>"; };
		914E46E625584B6000DE248D /* Info.plist */ = {isa = PBXFileReference; lastKnownFileType = text.plist.xml; path = Info.plist; sourceTree = "<group>"; };
		B8D908BB68FEFAAD1ECD624C /* Pods_CalendarScreen.framework */ = {isa = PBXFileReference; explicitFileType = wrapper.framework; includeInIndex = 0; path = Pods_CalendarScreen.framework; sourceTree = BUILT_PRODUCTS_DIR; };
		EDD063B587D70141C5B15B7D /* Pods-CalendarScreen.debug.xcconfig */ = {isa = PBXFileReference; includeInIndex = 1; lastKnownFileType = text.xcconfig; name = "Pods-CalendarScreen.debug.xcconfig"; path = "Target Support Files/Pods-CalendarScreen/Pods-CalendarScreen.debug.xcconfig"; sourceTree = "<group>"; };
/* End PBXFileReference section */

/* Begin PBXFrameworksBuildPhase section */
		914E46D225584B5C00DE248D /* Frameworks */ = {
			isa = PBXFrameworksBuildPhase;
			buildActionMask = 2147483647;
			files = (
				6DDA771FF5BC2381C945EE52 /* Pods_CalendarScreen.framework in Frameworks */,
			);
			runOnlyForDeploymentPostprocessing = 0;
		};
/* End PBXFrameworksBuildPhase section */

/* Begin PBXGroup section */
		7D730ADA0B2DC92A9343964B /* Frameworks */ = {
			isa = PBXGroup;
			children = (
				B8D908BB68FEFAAD1ECD624C /* Pods_CalendarScreen.framework */,
			);
			name = Frameworks;
			sourceTree = "<group>";
		};
		914E46CC25584B5C00DE248D = {
			isa = PBXGroup;
			children = (
				914E46D725584B5C00DE248D /* CalendarScreen */,
				914E46D625584B5C00DE248D /* Products */,
				FA4E42F85174FA9022514822 /* Pods */,
				7D730ADA0B2DC92A9343964B /* Frameworks */,
			);
			sourceTree = "<group>";
		};
		914E46D625584B5C00DE248D /* Products */ = {
			isa = PBXGroup;
			children = (
				914E46D525584B5C00DE248D /* CalendarScreen.app */,
			);
			name = Products;
			sourceTree = "<group>";
		};
		914E46D725584B5C00DE248D /* CalendarScreen */ = {
			isa = PBXGroup;
			children = (
				914E46D825584B5C00DE248D /* AppDelegate.swift */,
				914E46DA25584B5C00DE248D /* SceneDelegate.swift */,
				914E46DC25584B5C00DE248D /* ViewController.swift */,
				914E46DE25584B5C00DE248D /* Main.storyboard */,
				914E46E125584B6000DE248D /* Assets.xcassets */,
				914E46E325584B6000DE248D /* LaunchScreen.storyboard */,
				914E46E625584B6000DE248D /* Info.plist */,
			);
			path = CalendarScreen;
			sourceTree = "<group>";
		};
		FA4E42F85174FA9022514822 /* Pods */ = {
			isa = PBXGroup;
			children = (
				EDD063B587D70141C5B15B7D /* Pods-CalendarScreen.debug.xcconfig */,
				067753D38D7F8A5FC7F69F24 /* Pods-CalendarScreen.release.xcconfig */,
			);
			name = Pods;
			path = Pods;
			sourceTree = "<group>";
		};
/* End PBXGroup section */

/* Begin PBXNativeTarget section */
		914E46D425584B5C00DE248D /* CalendarScreen */ = {
			isa = PBXNativeTarget;
			buildConfigurationList = 914E46E925584B6000DE248D /* Build configuration list for PBXNativeTarget "CalendarScreen" */;
			buildPhases = (
				D70736BB02EA715B5A75EB6E /* [CP] Check Pods Manifest.lock */,
				914E46D125584B5C00DE248D /* Sources */,
				914E46D225584B5C00DE248D /* Frameworks */,
				914E46D325584B5C00DE248D /* Resources */,
				91ADC1F3B12D883834FEBC46 /* [CP] Embed Pods Frameworks */,
			);
			buildRules = (
			);
			dependencies = (
			);
			name = CalendarScreen;
			productName = CalendarScreen;
			productReference = 914E46D525584B5C00DE248D /* CalendarScreen.app */;
			productType = "com.apple.product-type.application";
		};
/* End PBXNativeTarget section */

/* Begin PBXProject section */
		914E46CD25584B5C00DE248D /* Project object */ = {
			isa = PBXProject;
			attributes = {
				LastSwiftUpdateCheck = 1210;
				LastUpgradeCheck = 1210;
				TargetAttributes = {
					914E46D425584B5C00DE248D = {
						CreatedOnToolsVersion = 12.1;
					};
				};
			};
			buildConfigurationList = 914E46D025584B5C00DE248D /* Build configuration list for PBXProject "CalendarScreen" */;
			compatibilityVersion = "Xcode 9.3";
			developmentRegion = en;
			hasScannedForEncodings = 0;
			knownRegions = (
				en,
				Base,
			);
			mainGroup = 914E46CC25584B5C00DE248D;
			productRefGroup = 914E46D625584B5C00DE248D /* Products */;
			projectDirPath = "";
			projectRoot = "";
			targets = (
				914E46D425584B5C00DE248D /* CalendarScreen */,
			);
		};
/* End PBXProject section */

/* Begin PBXResourcesBuildPhase section */
		914E46D325584B5C00DE248D /* Resources */ = {
			isa = PBXResourcesBuildPhase;
			buildActionMask = 2147483647;
			files = (
				914E46E525584B6000DE248D /* LaunchScreen.storyboard in Resources */,
				914E46E225584B6000DE248D /* Assets.xcassets in Resources */,
				914E46E025584B5C00DE248D /* Main.storyboard in Resources */,
			);
			runOnlyForDeploymentPostprocessing = 0;
		};
/* End PBXResourcesBuildPhase section */

/* Begin PBXShellScriptBuildPhase section */
		91ADC1F3B12D883834FEBC46 /* [CP] Embed Pods Frameworks */ = {
			isa = PBXShellScriptBuildPhase;
			buildActionMask = 2147483647;
			files = (
			);
			inputFileListPaths = (
				"${PODS_ROOT}/Target Support Files/Pods-CalendarScreen/Pods-CalendarScreen-frameworks-${CONFIGURATION}-input-files.xcfilelist",
			);
			name = "[CP] Embed Pods Frameworks";
			outputFileListPaths = (
				"${PODS_ROOT}/Target Support Files/Pods-CalendarScreen/Pods-CalendarScreen-frameworks-${CONFIGURATION}-output-files.xcfilelist",
			);
			runOnlyForDeploymentPostprocessing = 0;
			shellPath = /bin/sh;
			shellScript = "\"${PODS_ROOT}/Target Support Files/Pods-CalendarScreen/Pods-CalendarScreen-frameworks.sh\"\n";
			showEnvVarsInLog = 0;
		};
		D70736BB02EA715B5A75EB6E /* [CP] Check Pods Manifest.lock */ = {
			isa = PBXShellScriptBuildPhase;
			buildActionMask = 2147483647;
			files = (
			);
			inputFileListPaths = (
			);
			inputPaths = (
				"${PODS_PODFILE_DIR_PATH}/Podfile.lock",
				"${PODS_ROOT}/Manifest.lock",
			);
			name = "[CP] Check Pods Manifest.lock";
			outputFileListPaths = (
			);
			outputPaths = (
				"$(DERIVED_FILE_DIR)/Pods-CalendarScreen-checkManifestLockResult.txt",
			);
			runOnlyForDeploymentPostprocessing = 0;
			shellPath = /bin/sh;
			shellScript = "diff \"${PODS_PODFILE_DIR_PATH}/Podfile.lock\" \"${PODS_ROOT}/Manifest.lock\" > /dev/null\nif [ $? != 0 ] ; then\n    # print error to STDERR\n    echo \"error: The sandbox is not in sync with the Podfile.lock. Run 'pod install' or update your CocoaPods installation.\" >&2\n    exit 1\nfi\n# This output is used by Xcode 'outputs' to avoid re-running this script phase.\necho \"SUCCESS\" > \"${SCRIPT_OUTPUT_FILE_0}\"\n";
			showEnvVarsInLog = 0;
		};
/* End PBXShellScriptBuildPhase section */

/* Begin PBXSourcesBuildPhase section */
		914E46D125584B5C00DE248D /* Sources */ = {
			isa = PBXSourcesBuildPhase;
			buildActionMask = 2147483647;
			files = (
				914E46DD25584B5C00DE248D /* ViewController.swift in Sources */,
				914E46D925584B5C00DE248D /* AppDelegate.swift in Sources */,
				914E46DB25584B5C00DE248D /* SceneDelegate.swift in Sources */,
			);
			runOnlyForDeploymentPostprocessing = 0;
		};
/* End PBXSourcesBuildPhase section */

/* Begin PBXVariantGroup section */
		914E46DE25584B5C00DE248D /* Main.storyboard */ = {
			isa = PBXVariantGroup;
			children = (
				914E46DF25584B5C00DE248D /* Base */,
			);
			name = Main.storyboard;
			sourceTree = "<group>";
		};
		914E46E325584B6000DE248D /* LaunchScreen.storyboard */ = {
			isa = PBXVariantGroup;
			children = (
				914E46E425584B6000DE248D /* Base */,
			);
			name = LaunchScreen.storyboard;
			sourceTree = "<group>";
		};
/* End PBXVariantGroup section */

/* Begin XCBuildConfiguration section */
		914E46E725584B6000DE248D /* Debug */ = {
			isa = XCBuildConfiguration;
			buildSettings = {
				ALWAYS_SEARCH_USER_PATHS = NO;
				CLANG_ANALYZER_NONNULL = YES;
				CLANG_ANALYZER_NUMBER_OBJECT_CONVERSION = YES_AGGRESSIVE;
				CLANG_CXX_LANGUAGE_STANDARD = "gnu++14";
				CLANG_CXX_LIBRARY = "libc++";
				CLANG_ENABLE_MODULES = YES;
				CLANG_ENABLE_OBJC_ARC = YES;
				CLANG_ENABLE_OBJC_WEAK = YES;
				CLANG_WARN_BLOCK_CAPTURE_AUTORELEASING = YES;
				CLANG_WARN_BOOL_CONVERSION = YES;
				CLANG_WARN_COMMA = YES;
				CLANG_WARN_CONSTANT_CONVERSION = YES;
				CLANG_WARN_DEPRECATED_OBJC_IMPLEMENTATIONS = YES;
				CLANG_WARN_DIRECT_OBJC_ISA_USAGE = YES_ERROR;
				CLANG_WARN_DOCUMENTATION_COMMENTS = YES;
				CLANG_WARN_EMPTY_BODY = YES;
				CLANG_WARN_ENUM_CONVERSION = YES;
				CLANG_WARN_INFINITE_RECURSION = YES;
				CLANG_WARN_INT_CONVERSION = YES;
				CLANG_WARN_NON_LITERAL_NULL_CONVERSION = YES;
				CLANG_WARN_OBJC_IMPLICIT_RETAIN_SELF = YES;
				CLANG_WARN_OBJC_LITERAL_CONVERSION = YES;
				CLANG_WARN_OBJC_ROOT_CLASS = YES_ERROR;
				CLANG_WARN_QUOTED_INCLUDE_IN_FRAMEWORK_HEADER = YES;
				CLANG_WARN_RANGE_LOOP_ANALYSIS = YES;
				CLANG_WARN_STRICT_PROTOTYPES = YES;
				CLANG_WARN_SUSPICIOUS_MOVE = YES;
				CLANG_WARN_UNGUARDED_AVAILABILITY = YES_AGGRESSIVE;
				CLANG_WARN_UNREACHABLE_CODE = YES;
				CLANG_WARN__DUPLICATE_METHOD_MATCH = YES;
				COPY_PHASE_STRIP = NO;
				DEBUG_INFORMATION_FORMAT = dwarf;
				ENABLE_STRICT_OBJC_MSGSEND = YES;
				ENABLE_TESTABILITY = YES;
				GCC_C_LANGUAGE_STANDARD = gnu11;
				GCC_DYNAMIC_NO_PIC = NO;
				GCC_NO_COMMON_BLOCKS = YES;
				GCC_OPTIMIZATION_LEVEL = 0;
				GCC_PREPROCESSOR_DEFINITIONS = (
					"DEBUG=1",
					"$(inherited)",
				);
				GCC_WARN_64_TO_32_BIT_CONVERSION = YES;
				GCC_WARN_ABOUT_RETURN_TYPE = YES_ERROR;
				GCC_WARN_UNDECLARED_SELECTOR = YES;
				GCC_WARN_UNINITIALIZED_AUTOS = YES_AGGRESSIVE;
				GCC_WARN_UNUSED_FUNCTION = YES;
				GCC_WARN_UNUSED_VARIABLE = YES;
				IPHONEOS_DEPLOYMENT_TARGET = 14.1;
				MTL_ENABLE_DEBUG_INFO = INCLUDE_SOURCE;
				MTL_FAST_MATH = YES;
				ONLY_ACTIVE_ARCH = YES;
				SDKROOT = iphoneos;
				SWIFT_ACTIVE_COMPILATION_CONDITIONS = DEBUG;
				SWIFT_OPTIMIZATION_LEVEL = "-Onone";
			};
			name = Debug;
		};
		914E46E825584B6000DE248D /* Release */ = {
			isa = XCBuildConfiguration;
			buildSettings = {
				ALWAYS_SEARCH_USER_PATHS = NO;
				CLANG_ANALYZER_NONNULL = YES;
				CLANG_ANALYZER_NUMBER_OBJECT_CONVERSION = YES_AGGRESSIVE;
				CLANG_CXX_LANGUAGE_STANDARD = "gnu++14";
				CLANG_CXX_LIBRARY = "libc++";
				CLANG_ENABLE_MODULES = YES;
				CLANG_ENABLE_OBJC_ARC = YES;
				CLANG_ENABLE_OBJC_WEAK = YES;
				CLANG_WARN_BLOCK_CAPTURE_AUTORELEASING = YES;
				CLANG_WARN_BOOL_CONVERSION = YES;
				CLANG_WARN_COMMA = YES;
				CLANG_WARN_CONSTANT_CONVERSION = YES;
				CLANG_WARN_DEPRECATED_OBJC_IMPLEMENTATIONS = YES;
				CLANG_WARN_DIRECT_OBJC_ISA_USAGE = YES_ERROR;
				CLANG_WARN_DOCUMENTATION_COMMENTS = YES;
				CLANG_WARN_EMPTY_BODY = YES;
				CLANG_WARN_ENUM_CONVERSION = YES;
				CLANG_WARN_INFINITE_RECURSION = YES;
				CLANG_WARN_INT_CONVERSION = YES;
				CLANG_WARN_NON_LITERAL_NULL_CONVERSION = YES;
				CLANG_WARN_OBJC_IMPLICIT_RETAIN_SELF = YES;
				CLANG_WARN_OBJC_LITERAL_CONVERSION = YES;
				CLANG_WARN_OBJC_ROOT_CLASS = YES_ERROR;
				CLANG_WARN_QUOTED_INCLUDE_IN_FRAMEWORK_HEADER = YES;
				CLANG_WARN_RANGE_LOOP_ANALYSIS = YES;
				CLANG_WARN_STRICT_PROTOTYPES = YES;
				CLANG_WARN_SUSPICIOUS_MOVE = YES;
				CLANG_WARN_UNGUARDED_AVAILABILITY = YES_AGGRESSIVE;
				CLANG_WARN_UNREACHABLE_CODE = YES;
				CLANG_WARN__DUPLICATE_METHOD_MATCH = YES;
				COPY_PHASE_STRIP = NO;
				DEBUG_INFORMATION_FORMAT = "dwarf-with-dsym";
				ENABLE_NS_ASSERTIONS = NO;
				ENABLE_STRICT_OBJC_MSGSEND = YES;
				GCC_C_LANGUAGE_STANDARD = gnu11;
				GCC_NO_COMMON_BLOCKS = YES;
				GCC_WARN_64_TO_32_BIT_CONVERSION = YES;
				GCC_WARN_ABOUT_RETURN_TYPE = YES_ERROR;
				GCC_WARN_UNDECLARED_SELECTOR = YES;
				GCC_WARN_UNINITIALIZED_AUTOS = YES_AGGRESSIVE;
				GCC_WARN_UNUSED_FUNCTION = YES;
				GCC_WARN_UNUSED_VARIABLE = YES;
				IPHONEOS_DEPLOYMENT_TARGET = 14.1;
				MTL_ENABLE_DEBUG_INFO = NO;
				MTL_FAST_MATH = YES;
				SDKROOT = iphoneos;
				SWIFT_COMPILATION_MODE = wholemodule;
				SWIFT_OPTIMIZATION_LEVEL = "-O";
				VALIDATE_PRODUCT = YES;
			};
			name = Release;
		};
		914E46EA25584B6000DE248D /* Debug */ = {
			isa = XCBuildConfiguration;
			baseConfigurationReference = EDD063B587D70141C5B15B7D /* Pods-CalendarScreen.debug.xcconfig */;
			buildSettings = {
				ASSETCATALOG_COMPILER_APPICON_NAME = AppIcon;
				ASSETCATALOG_COMPILER_GLOBAL_ACCENT_COLOR_NAME = AccentColor;
				CODE_SIGN_STYLE = Automatic;
				DEVELOPMENT_TEAM = U23VWM3L5A;
				INFOPLIST_FILE = CalendarScreen/Info.plist;
				LD_RUNPATH_SEARCH_PATHS = (
					"$(inherited)",
					"@executable_path/Frameworks",
				);
				PRODUCT_BUNDLE_IDENTIFIER = com.prabaljitwalia.CalendarScreen;
				PRODUCT_NAME = "$(TARGET_NAME)";
				SWIFT_VERSION = 5.0;
				TARGETED_DEVICE_FAMILY = "1,2";
			};
			name = Debug;
		};
		914E46EB25584B6000DE248D /* Release */ = {
			isa = XCBuildConfiguration;
			baseConfigurationReference = 067753D38D7F8A5FC7F69F24 /* Pods-CalendarScreen.release.xcconfig */;
			buildSettings = {
				ASSETCATALOG_COMPILER_APPICON_NAME = AppIcon;
				ASSETCATALOG_COMPILER_GLOBAL_ACCENT_COLOR_NAME = AccentColor;
				CODE_SIGN_STYLE = Automatic;
				DEVELOPMENT_TEAM = U23VWM3L5A;
				INFOPLIST_FILE = CalendarScreen/Info.plist;
				LD_RUNPATH_SEARCH_PATHS = (
					"$(inherited)",
					"@executable_path/Frameworks",
				);
				PRODUCT_BUNDLE_IDENTIFIER = com.prabaljitwalia.CalendarScreen;
				PRODUCT_NAME = "$(TARGET_NAME)";
				SWIFT_VERSION = 5.0;
				TARGETED_DEVICE_FAMILY = "1,2";
			};
			name = Release;
		};
/* End XCBuildConfiguration section */

/* Begin XCConfigurationList section */
		914E46D025584B5C00DE248D /* Build configuration list for PBXProject "CalendarScreen" */ = {
			isa = XCConfigurationList;
			buildConfigurations = (
				914E46E725584B6000DE248D /* Debug */,
				914E46E825584B6000DE248D /* Release */,
			);
			defaultConfigurationIsVisible = 0;
			defaultConfigurationName = Release;
		};
		914E46E925584B6000DE248D /* Build configuration list for PBXNativeTarget "CalendarScreen" */ = {
			isa = XCConfigurationList;
			buildConfigurations = (
				914E46EA25584B6000DE248D /* Debug */,
				914E46EB25584B6000DE248D /* Release */,
			);
			defaultConfigurationIsVisible = 0;
			defaultConfigurationName = Release;
		};
/* End XCConfigurationList section */
	};
	rootObject = 914E46CD25584B5C00DE248D /* Project object */;
}
